
Microsoft Visual Studio Solution File, Format Version 12.00
# 
Project("{2150E333-8FDC-42A3-9474-1A3956D46DE8}") = "src", "src", "{B981DC6F-A0BB-42FB-9DC6-B9CEC689FF29}"
EndProject
Project("{2150E333-8FDC-42A3-9474-1A3956D46DE8}") = "tests", "tests", "{F584FD90-2C56-43EB-B371-DD1CCFDB98D2}"
EndProject
Project("{FAE04EC0-301F-11D3-BF4B-00C04F79EFBC}") = "FinanceHub.Api", "src\FinanceHub.Api\FinanceHub.Api.csproj", "{C51AB807-96A8-4171-8ACD-6DE66531E696}"
EndProject
Project("{FAE04EC0-301F-11D3-BF4B-00C04F79EFBC}") = "FinanceHub.Domain", "src\FinanceHub.Domain\FinanceHub.Domain.csproj", "{530A82E6-9962-44A8-A518-343FCAB8F1C3}"
EndProject
Project("{FAE04EC0-301F-11D3-BF4B-00C04F79EFBC}") = "FinanceHub.Application", "src\FinanceHub.Application\FinanceHub.Application.csproj", "{94803228-01E0-422E-8CA0-F41B85665FC3}"
EndProject
Project("{FAE04EC0-301F-11D3-BF4B-00C04F79EFBC}") = "FinanceHub.Infrastructure", "src\FinanceHub.Infrastructure\FinanceHub.Infrastructure.csproj", "{AAED9E58-CDE4-4F4F-9D07-142674F38D41}"
EndProject
Project("{FAE04EC0-301F-11D3-BF4B-00C04F79EFBC}") = "FinanceHub.Persistence", "src\FinanceHub.Persistence\FinanceHub.Persistence.csproj", "{CD9B2B0C-4A8D-417F-A47F-876A17970A2C}"
EndProject
Project("{FAE04EC0-301F-11D3-BF4B-00C04F79EFBC}") = "FinanceHub.Shared", "src\FinanceHub.Shared\FinanceHub.Shared.csproj", "{A6CD46C7-C2FC-4F3D-AE5C-1CBF67FE3E2C}"
EndProject
Project("{FAE04EC0-301F-11D3-BF4B-00C04F79EFBC}") = "FinanceHub.UnitTests", "tests\FinanceHub.UnitTests\FinanceHub.UnitTests.csproj", "{7BC3887B-A03E-48C9-92FF-B93D49A69C6E}"
EndProject
Project("{FAE04EC0-301F-11D3-BF4B-00C04F79EFBC}") = "FinanceHub.IntegrationTests", "tests\FinanceHub.IntegrationTests\FinanceHub.IntegrationTests.csproj", "{752CD722-9485-459D-88A8-1768AF135A9D}"
EndProject
Global
	GlobalSection(SolutionConfigurationPlatforms) = preSolution
		Debug|Any CPU = Debug|Any CPU
		Release|Any CPU = Release|Any CPU
	EndGlobalSection
	GlobalSection(ProjectConfigurationPlatforms) = postSolution
		{C51AB807-96A8-4171-8ACD-6DE66531E696}.Debug|Any CPU.ActiveCfg = Debug|Any CPU
		{C51AB807-96A8-4171-8ACD-6DE66531E696}.Debug|Any CPU.Build.0 = Debug|Any CPU
		{C51AB807-96A8-4171-8ACD-6DE66531E696}.Release|Any CPU.ActiveCfg = Release|Any CPU
		{C51AB807-96A8-4171-8ACD-6DE66531E696}.Release|Any CPU.Build.0 = Release|Any CPU
		{530A82E6-9962-44A8-A518-343FCAB8F1C3}.Debug|Any CPU.ActiveCfg = Debug|Any CPU
		{530A82E6-9962-44A8-A518-343FCAB8F1C3}.Debug|Any CPU.Build.0 = Debug|Any CPU
		{530A82E6-9962-44A8-A518-343FCAB8F1C3}.Release|Any CPU.ActiveCfg = Release|Any CPU
		{530A82E6-9962-44A8-A518-343FCAB8F1C3}.Release|Any CPU.Build.0 = Release|Any CPU
		{94803228-01E0-422E-8CA0-F41B85665FC3}.Debug|Any CPU.ActiveCfg = Debug|Any CPU
		{94803228-01E0-422E-8CA0-F41B85665FC3}.Debug|Any CPU.Build.0 = Debug|Any CPU
		{94803228-01E0-422E-8CA0-F41B85665FC3}.Release|Any CPU.ActiveCfg = Release|Any CPU
		{94803228-01E0-422E-8CA0-F41B85665FC3}.Release|Any CPU.Build.0 = Release|Any CPU
		{AAED9E58-CDE4-4F4F-9D07-142674F38D41}.Debug|Any CPU.ActiveCfg = Debug|Any CPU
		{AAED9E58-CDE4-4F4F-9D07-142674F38D41}.Debug|Any CPU.Build.0 = Debug|Any CPU
		{AAED9E58-CDE4-4F4F-9D07-142674F38D41}.Release|Any CPU.ActiveCfg = Release|Any CPU
		{AAED9E58-CDE4-4F4F-9D07-142674F38D41}.Release|Any CPU.Build.0 = Release|Any CPU
		{CD9B2B0C-4A8D-417F-A47F-876A17970A2C}.Debug|Any CPU.ActiveCfg = Debug|Any CPU
		{CD9B2B0C-4A8D-417F-A47F-876A17970A2C}.Debug|Any CPU.Build.0 = Debug|Any CPU
		{CD9B2B0C-4A8D-417F-A47F-876A17970A2C}.Release|Any CPU.ActiveCfg = Release|Any CPU
		{CD9B2B0C-4A8D-417F-A47F-876A17970A2C}.Release|Any CPU.Build.0 = Release|Any CPU
		{A6CD46C7-C2FC-4F3D-AE5C-1CBF67FE3E2C}.Debug|Any CPU.ActiveCfg = Debug|Any CPU
		{A6CD46C7-C2FC-4F3D-AE5C-1CBF67FE3E2C}.Debug|Any CPU.Build.0 = Debug|Any CPU
		{A6CD46C7-C2FC-4F3D-AE5C-1CBF67FE3E2C}.Release|Any CPU.ActiveCfg = Release|Any CPU
		{A6CD46C7-C2FC-4F3D-AE5C-1CBF67FE3E2C}.Release|Any CPU.Build.0 = Release|Any CPU
		{7BC3887B-A03E-48C9-92FF-B93D49A69C6E}.Debug|Any CPU.ActiveCfg = Debug|Any CPU
		{7BC3887B-A03E-48C9-92FF-B93D49A69C6E}.Debug|Any CPU.Build.0 = Debug|Any CPU
		{7BC3887B-A03E-48C9-92FF-B93D49A69C6E}.Release|Any CPU.ActiveCfg = Release|Any CPU
		{7BC3887B-A03E-48C9-92FF-B93D49A69C6E}.Release|Any CPU.Build.0 = Release|Any CPU
		{752CD722-9485-459D-88A8-1768AF135A9D}.Debug|Any CPU.ActiveCfg = Debug|Any CPU
		{752CD722-9485-459D-88A8-1768AF135A9D}.Debug|Any CPU.Build.0 = Debug|Any CPU
		{752CD722-9485-459D-88A8-1768AF135A9D}.Release|Any CPU.ActiveCfg = Release|Any CPU
		{752CD722-9485-459D-88A8-1768AF135A9D}.Release|Any CPU.Build.0 = Release|Any CPU
	EndGlobalSection
	GlobalSection(NestedProjects) = preSolution
		{C51AB807-96A8-4171-8ACD-6DE66531E696} = {B981DC6F-A0BB-42FB-9DC6-B9CEC689FF29}
		{530A82E6-9962-44A8-A518-343FCAB8F1C3} = {B981DC6F-A0BB-42FB-9DC6-B9CEC689FF29}
		{94803228-01E0-422E-8CA0-F41B85665FC3} = {B981DC6F-A0BB-42FB-9DC6-B9CEC689FF29}
		{AAED9E58-CDE4-4F4F-9D07-142674F38D41} = {B981DC6F-A0BB-42FB-9DC6-B9CEC689FF29}
		{CD9B2B0C-4A8D-417F-A47F-876A17970A2C} = {B981DC6F-A0BB-42FB-9DC6-B9CEC689FF29}
		{A6CD46C7-C2FC-4F3D-AE5C-1CBF67FE3E2C} = {B981DC6F-A0BB-42FB-9DC6-B9CEC689FF29}
		{7BC3887B-A03E-48C9-92FF-B93D49A69C6E} = {F584FD90-2C56-43EB-B371-DD1CCFDB98D2}
		{752CD722-9485-459D-88A8-1768AF135A9D} = {F584FD90-2C56-43EB-B371-DD1CCFDB98D2}
	EndGlobalSection
EndGlobal
